// !$*UTF8*$!
{
	archiveVersion = 1;
	classes = {
	};
	objectVersion = 77;
	objects = {

/* Begin PBXBuildFile section */
		85B58ABA2CC5B82D001C8D21 /* Assets.xcassets in Resources */ = {isa = PBXBuildFile; fileRef = 85B58AB62CC5B82D001C8D21 /* Assets.xcassets */; };
		85B58AC82CC5C304001C8D21 /* TTGameContext.swift in Sources */ = {isa = PBXBuildFile; fileRef = 85B58AC72CC5C304001C8D21 /* TTGameContext.swift */; };
		85B58ACA2CC5C452001C8D21 /* TTGameScene.swift in Sources */ = {isa = PBXBuildFile; fileRef = 85B58AC92CC5C452001C8D21 /* TTGameScene.swift */; };
		85B58AD02CC5C73B001C8D21 /* GameContext.swift in Sources */ = {isa = PBXBuildFile; fileRef = 85B58ACF2CC5C73B001C8D21 /* GameContext.swift */; };
		85B58AD22CC5C787001C8D21 /* GameModeType.swift in Sources */ = {isa = PBXBuildFile; fileRef = 85B58AD12CC5C787001C8D21 /* GameModeType.swift */; };
		85B58AD42CC5C7BE001C8D21 /* GameType.swift in Sources */ = {isa = PBXBuildFile; fileRef = 85B58AD32CC5C7BE001C8D21 /* GameType.swift */; };
		85B58AD82CC5CA48001C8D21 /* Dependencies.swift in Sources */ = {isa = PBXBuildFile; fileRef = 85B58AD72CC5CA48001C8D21 /* Dependencies.swift */; };
		85B58ADA2CC5DA75001C8D21 /* TTLayoutInfo.swift in Sources */ = {isa = PBXBuildFile; fileRef = 85B58AD92CC5DA75001C8D21 /* TTLayoutInfo.swift */; };
		85B58ADC2CC5DA93001C8D21 /* TTGameInfo.swift in Sources */ = {isa = PBXBuildFile; fileRef = 85B58ADB2CC5DA93001C8D21 /* TTGameInfo.swift */; };
		85B58AE12CC5EAC9001C8D21 /* TTGameIdleState.swift in Sources */ = {isa = PBXBuildFile; fileRef = 85B58AE02CC5EAC9001C8D21 /* TTGameIdleState.swift */; };
		85B58AE32CC603B0001C8D21 /* TTBoxNode.swift in Sources */ = {isa = PBXBuildFile; fileRef = 85B58AE22CC603B0001C8D21 /* TTBoxNode.swift */; };
		903031572CD4421400CFF41D /* StartState.swift in Sources */ = {isa = PBXBuildFile; fileRef = 903031562CD4421400CFF41D /* StartState.swift */; };
		90FB84EB2CD57A9B002C7233 /* GameOverState.swift in Sources */ = {isa = PBXBuildFile; fileRef = 90FB84EA2CD57A9B002C7233 /* GameOverState.swift */; };
/* End PBXBuildFile section */

/* Begin PBXContainerItemProxy section */
		85AF16152CC33EEB00765AA6 /* PBXContainerItemProxy */ = {
			isa = PBXContainerItemProxy;
			containerPortal = 85AF15FC2CC33EEA00765AA6 /* Project object */;
			proxyType = 1;
			remoteGlobalIDString = 85AF16032CC33EEA00765AA6;
			remoteInfo = Test;
		};
		85AF161F2CC33EEB00765AA6 /* PBXContainerItemProxy */ = {
			isa = PBXContainerItemProxy;
			containerPortal = 85AF15FC2CC33EEA00765AA6 /* Project object */;
			proxyType = 1;
			remoteGlobalIDString = 85AF16032CC33EEA00765AA6;
			remoteInfo = Test;
		};
/* End PBXContainerItemProxy section */

/* Begin PBXFileReference section */
		85AF16042CC33EEA00765AA6 /* Test.app */ = {isa = PBXFileReference; explicitFileType = wrapper.application; includeInIndex = 0; path = Test.app; sourceTree = BUILT_PRODUCTS_DIR; };
		85AF16142CC33EEB00765AA6 /* TestTests.xctest */ = {isa = PBXFileReference; explicitFileType = wrapper.cfbundle; includeInIndex = 0; path = TestTests.xctest; sourceTree = BUILT_PRODUCTS_DIR; };
		85AF161E2CC33EEB00765AA6 /* TestUITests.xctest */ = {isa = PBXFileReference; explicitFileType = wrapper.cfbundle; includeInIndex = 0; path = TestUITests.xctest; sourceTree = BUILT_PRODUCTS_DIR; };
		85B58AB62CC5B82D001C8D21 /* Assets.xcassets */ = {isa = PBXFileReference; lastKnownFileType = folder.assetcatalog; path = Assets.xcassets; sourceTree = "<group>"; };
		85B58AC72CC5C304001C8D21 /* TTGameContext.swift */ = {isa = PBXFileReference; lastKnownFileType = sourcecode.swift; path = TTGameContext.swift; sourceTree = "<group>"; };
		85B58AC92CC5C452001C8D21 /* TTGameScene.swift */ = {isa = PBXFileReference; lastKnownFileType = sourcecode.swift; path = TTGameScene.swift; sourceTree = "<group>"; };
		85B58ACF2CC5C73B001C8D21 /* GameContext.swift */ = {isa = PBXFileReference; lastKnownFileType = sourcecode.swift; path = GameContext.swift; sourceTree = "<group>"; };
		85B58AD12CC5C787001C8D21 /* GameModeType.swift */ = {isa = PBXFileReference; lastKnownFileType = sourcecode.swift; path = GameModeType.swift; sourceTree = "<group>"; };
		85B58AD32CC5C7BE001C8D21 /* GameType.swift */ = {isa = PBXFileReference; lastKnownFileType = sourcecode.swift; path = GameType.swift; sourceTree = "<group>"; };
		85B58AD72CC5CA48001C8D21 /* Dependencies.swift */ = {isa = PBXFileReference; lastKnownFileType = sourcecode.swift; path = Dependencies.swift; sourceTree = "<group>"; };
		85B58AD92CC5DA75001C8D21 /* TTLayoutInfo.swift */ = {isa = PBXFileReference; lastKnownFileType = sourcecode.swift; path = TTLayoutInfo.swift; sourceTree = "<group>"; };
		85B58ADB2CC5DA93001C8D21 /* TTGameInfo.swift */ = {isa = PBXFileReference; lastKnownFileType = sourcecode.swift; path = TTGameInfo.swift; sourceTree = "<group>"; };
		85B58AE02CC5EAC9001C8D21 /* TTGameIdleState.swift */ = {isa = PBXFileReference; lastKnownFileType = sourcecode.swift; path = TTGameIdleState.swift; sourceTree = "<group>"; };
		85B58AE22CC603B0001C8D21 /* TTBoxNode.swift */ = {isa = PBXFileReference; lastKnownFileType = sourcecode.swift; path = TTBoxNode.swift; sourceTree = "<group>"; };
		903031562CD4421400CFF41D /* StartState.swift */ = {isa = PBXFileReference; lastKnownFileType = sourcecode.swift; path = StartState.swift; sourceTree = "<group>"; };
		90FB84EA2CD57A9B002C7233 /* GameOverState.swift */ = {isa = PBXFileReference; lastKnownFileType = sourcecode.swift; path = GameOverState.swift; sourceTree = "<group>"; };
/* End PBXFileReference section */

/* Begin PBXFileSystemSynchronizedRootGroup section */
		85AF16062CC33EEA00765AA6 /* Test */ = {
			isa = PBXFileSystemSynchronizedRootGroup;
			path = Test;
			sourceTree = "<group>";
		};
		85AF16172CC33EEB00765AA6 /* TestTests */ = {
			isa = PBXFileSystemSynchronizedRootGroup;
			path = TestTests;
			sourceTree = "<group>";
		};
		85AF16212CC33EEB00765AA6 /* TestUITests */ = {
			isa = PBXFileSystemSynchronizedRootGroup;
			path = TestUITests;
			sourceTree = "<group>";
		};
/* End PBXFileSystemSynchronizedRootGroup section */

/* Begin PBXFrameworksBuildPhase section */
		85AF16012CC33EEA00765AA6 /* Frameworks */ = {
			isa = PBXFrameworksBuildPhase;
			buildActionMask = 2147483647;
			files = (
			);
			runOnlyForDeploymentPostprocessing = 0;
		};
		85AF16112CC33EEB00765AA6 /* Frameworks */ = {
			isa = PBXFrameworksBuildPhase;
			buildActionMask = 2147483647;
			files = (
			);
			runOnlyForDeploymentPostprocessing = 0;
		};
		85AF161B2CC33EEB00765AA6 /* Frameworks */ = {
			isa = PBXFrameworksBuildPhase;
			buildActionMask = 2147483647;
			files = (
			);
			runOnlyForDeploymentPostprocessing = 0;
		};
/* End PBXFrameworksBuildPhase section */

/* Begin PBXGroup section */
		85AF15FB2CC33EEA00765AA6 = {
			isa = PBXGroup;
			children = (
				85B58AC62CC5BE13001C8D21 /* Assets */,
				85B58ACE2CC5C72E001C8D21 /* Base */,
				85B58AC52CC5BE0D001C8D21 /* Code */,
				85AF16062CC33EEA00765AA6 /* Test */,
				85AF16172CC33EEB00765AA6 /* TestTests */,
				85AF16212CC33EEB00765AA6 /* TestUITests */,
				85AF16052CC33EEA00765AA6 /* Products */,
			);
			sourceTree = "<group>";
		};
		85AF16052CC33EEA00765AA6 /* Products */ = {
			isa = PBXGroup;
			children = (
				85AF16042CC33EEA00765AA6 /* Test.app */,
				85AF16142CC33EEB00765AA6 /* TestTests.xctest */,
				85AF161E2CC33EEB00765AA6 /* TestUITests.xctest */,
			);
			name = Products;
			sourceTree = "<group>";
		};
		85B58AC52CC5BE0D001C8D21 /* Code */ = {
			isa = PBXGroup;
			children = (
				85B58ADF2CC5EA8A001C8D21 /* States */,
				85B58ADE2CC5EA40001C8D21 /* Nodes */,
				85B58ADD2CC5E9FB001C8D21 /* Models */,
				85B58ACB2CC5C462001C8D21 /* Helpers */,
				85B58AC72CC5C304001C8D21 /* TTGameContext.swift */,
				85B58AC92CC5C452001C8D21 /* TTGameScene.swift */,
			);
			path = Code;
			sourceTree = "<group>";
		};
		85B58AC62CC5BE13001C8D21 /* Assets */ = {
			isa = PBXGroup;
			children = (
				85B58AB62CC5B82D001C8D21 /* Assets.xcassets */,
			);
			path = Assets;
			sourceTree = "<group>";
		};
		85B58ACB2CC5C462001C8D21 /* Helpers */ = {
			isa = PBXGroup;
			children = (
				85B58AD92CC5DA75001C8D21 /* TTLayoutInfo.swift */,
				85B58ADB2CC5DA93001C8D21 /* TTGameInfo.swift */,
			);
			path = Helpers;
			sourceTree = "<group>";
		};
		85B58ACE2CC5C72E001C8D21 /* Base */ = {
			isa = PBXGroup;
			children = (
				85B58ACF2CC5C73B001C8D21 /* GameContext.swift */,
				85B58AD12CC5C787001C8D21 /* GameModeType.swift */,
				85B58AD32CC5C7BE001C8D21 /* GameType.swift */,
				85B58AD72CC5CA48001C8D21 /* Dependencies.swift */,
			);
			path = Base;
			sourceTree = "<group>";
		};
		85B58ADD2CC5E9FB001C8D21 /* Models */ = {
			isa = PBXGroup;
			children = (
			);
			path = Models;
			sourceTree = "<group>";
		};
		85B58ADE2CC5EA40001C8D21 /* Nodes */ = {
			isa = PBXGroup;
			children = (
				85B58AE22CC603B0001C8D21 /* TTBoxNode.swift */,
			);
			path = Nodes;
			sourceTree = "<group>";
		};
		85B58ADF2CC5EA8A001C8D21 /* States */ = {
			isa = PBXGroup;
			children = (
				90FB84EA2CD57A9B002C7233 /* GameOverState.swift */,
				903031562CD4421400CFF41D /* StartState.swift */,
				85B58AE02CC5EAC9001C8D21 /* TTGameIdleState.swift */,
			);
			path = States;
			sourceTree = "<group>";
		};
/* End PBXGroup section */

/* Begin PBXNativeTarget section */
		85AF16032CC33EEA00765AA6 /* Test */ = {
			isa = PBXNativeTarget;
			buildConfigurationList = 85AF16282CC33EEB00765AA6 /* Build configuration list for PBXNativeTarget "Test" */;
			buildPhases = (
				85AF16002CC33EEA00765AA6 /* Sources */,
				85AF16012CC33EEA00765AA6 /* Frameworks */,
				85AF16022CC33EEA00765AA6 /* Resources */,
			);
			buildRules = (
			);
			dependencies = (
			);
			fileSystemSynchronizedGroups = (
				85AF16062CC33EEA00765AA6 /* Test */,
			);
			name = Test;
			packageProductDependencies = (
			);
			productName = Test;
			productReference = 85AF16042CC33EEA00765AA6 /* Test.app */;
			productType = "com.apple.product-type.application";
		};
		85AF16132CC33EEB00765AA6 /* TestTests */ = {
			isa = PBXNativeTarget;
			buildConfigurationList = 85AF162B2CC33EEB00765AA6 /* Build configuration list for PBXNativeTarget "TestTests" */;
			buildPhases = (
				85AF16102CC33EEB00765AA6 /* Sources */,
				85AF16112CC33EEB00765AA6 /* Frameworks */,
				85AF16122CC33EEB00765AA6 /* Resources */,
			);
			buildRules = (
			);
			dependencies = (
				85AF16162CC33EEB00765AA6 /* PBXTargetDependency */,
			);
			fileSystemSynchronizedGroups = (
				85AF16172CC33EEB00765AA6 /* TestTests */,
			);
			name = TestTests;
			packageProductDependencies = (
			);
			productName = TestTests;
			productReference = 85AF16142CC33EEB00765AA6 /* TestTests.xctest */;
			productType = "com.apple.product-type.bundle.unit-test";
		};
		85AF161D2CC33EEB00765AA6 /* TestUITests */ = {
			isa = PBXNativeTarget;
			buildConfigurationList = 85AF162E2CC33EEB00765AA6 /* Build configuration list for PBXNativeTarget "TestUITests" */;
			buildPhases = (
				85AF161A2CC33EEB00765AA6 /* Sources */,
				85AF161B2CC33EEB00765AA6 /* Frameworks */,
				85AF161C2CC33EEB00765AA6 /* Resources */,
			);
			buildRules = (
			);
			dependencies = (
				85AF16202CC33EEB00765AA6 /* PBXTargetDependency */,
			);
			fileSystemSynchronizedGroups = (
				85AF16212CC33EEB00765AA6 /* TestUITests */,
			);
			name = TestUITests;
			packageProductDependencies = (
			);
			productName = TestUITests;
			productReference = 85AF161E2CC33EEB00765AA6 /* TestUITests.xctest */;
			productType = "com.apple.product-type.bundle.ui-testing";
		};
/* End PBXNativeTarget section */

/* Begin PBXProject section */
		85AF15FC2CC33EEA00765AA6 /* Project object */ = {
			isa = PBXProject;
			attributes = {
				BuildIndependentTargetsInParallel = 1;
				LastSwiftUpdateCheck = 1600;
				LastUpgradeCheck = 1600;
				TargetAttributes = {
					85AF16032CC33EEA00765AA6 = {
						CreatedOnToolsVersion = 16.0;
					};
					85AF16132CC33EEB00765AA6 = {
						CreatedOnToolsVersion = 16.0;
						TestTargetID = 85AF16032CC33EEA00765AA6;
					};
					85AF161D2CC33EEB00765AA6 = {
						CreatedOnToolsVersion = 16.0;
						TestTargetID = 85AF16032CC33EEA00765AA6;
					};
				};
			};
			buildConfigurationList = 85AF15FF2CC33EEA00765AA6 /* Build configuration list for PBXProject "Test" */;
			developmentRegion = en;
			hasScannedForEncodings = 0;
			knownRegions = (
				en,
				Base,
			);
			mainGroup = 85AF15FB2CC33EEA00765AA6;
			minimizedProjectReferenceProxies = 1;
			preferredProjectObjectVersion = 77;
			productRefGroup = 85AF16052CC33EEA00765AA6 /* Products */;
			projectDirPath = "";
			projectRoot = "";
			targets = (
				85AF16032CC33EEA00765AA6 /* Test */,
				85AF16132CC33EEB00765AA6 /* TestTests */,
				85AF161D2CC33EEB00765AA6 /* TestUITests */,
			);
		};
/* End PBXProject section */

/* Begin PBXResourcesBuildPhase section */
		85AF16022CC33EEA00765AA6 /* Resources */ = {
			isa = PBXResourcesBuildPhase;
			buildActionMask = 2147483647;
			files = (
				85B58ABA2CC5B82D001C8D21 /* Assets.xcassets in Resources */,
			);
			runOnlyForDeploymentPostprocessing = 0;
		};
		85AF16122CC33EEB00765AA6 /* Resources */ = {
			isa = PBXResourcesBuildPhase;
			buildActionMask = 2147483647;
			files = (
			);
			runOnlyForDeploymentPostprocessing = 0;
		};
		85AF161C2CC33EEB00765AA6 /* Resources */ = {
			isa = PBXResourcesBuildPhase;
			buildActionMask = 2147483647;
			files = (
			);
			runOnlyForDeploymentPostprocessing = 0;
		};
/* End PBXResourcesBuildPhase section */

/* Begin PBXSourcesBuildPhase section */
		85AF16002CC33EEA00765AA6 /* Sources */ = {
			isa = PBXSourcesBuildPhase;
			buildActionMask = 2147483647;
			files = (
				85B58AD22CC5C787001C8D21 /* GameModeType.swift in Sources */,
				85B58AE32CC603B0001C8D21 /* TTBoxNode.swift in Sources */,
				85B58ADA2CC5DA75001C8D21 /* TTLayoutInfo.swift in Sources */,
				85B58ACA2CC5C452001C8D21 /* TTGameScene.swift in Sources */,
				85B58AD42CC5C7BE001C8D21 /* GameType.swift in Sources */,
				85B58AD02CC5C73B001C8D21 /* GameContext.swift in Sources */,
				85B58ADC2CC5DA93001C8D21 /* TTGameInfo.swift in Sources */,
				85B58AD82CC5CA48001C8D21 /* Dependencies.swift in Sources */,
				85B58AE12CC5EAC9001C8D21 /* TTGameIdleState.swift in Sources */,
				90FB84EB2CD57A9B002C7233 /* GameOverState.swift in Sources */,
				903031572CD4421400CFF41D /* StartState.swift in Sources */,
				85B58AC82CC5C304001C8D21 /* TTGameContext.swift in Sources */,
			);
			runOnlyForDeploymentPostprocessing = 0;
		};
		85AF16102CC33EEB00765AA6 /* Sources */ = {
			isa = PBXSourcesBuildPhase;
			buildActionMask = 2147483647;
			files = (
			);
			runOnlyForDeploymentPostprocessing = 0;
		};
		85AF161A2CC33EEB00765AA6 /* Sources */ = {
			isa = PBXSourcesBuildPhase;
			buildActionMask = 2147483647;
			files = (
			);
			runOnlyForDeploymentPostprocessing = 0;
		};
/* End PBXSourcesBuildPhase section */

/* Begin PBXTargetDependency section */
		85AF16162CC33EEB00765AA6 /* PBXTargetDependency */ = {
			isa = PBXTargetDependency;
			target = 85AF16032CC33EEA00765AA6 /* Test */;
			targetProxy = 85AF16152CC33EEB00765AA6 /* PBXContainerItemProxy */;
		};
		85AF16202CC33EEB00765AA6 /* PBXTargetDependency */ = {
			isa = PBXTargetDependency;
			target = 85AF16032CC33EEA00765AA6 /* Test */;
			targetProxy = 85AF161F2CC33EEB00765AA6 /* PBXContainerItemProxy */;
		};
/* End PBXTargetDependency section */

/* Begin XCBuildConfiguration section */
		85AF16262CC33EEB00765AA6 /* Debug */ = {
			isa = XCBuildConfiguration;
			buildSettings = {
				ALWAYS_SEARCH_USER_PATHS = NO;
				ASSETCATALOG_COMPILER_GENERATE_SWIFT_ASSET_SYMBOL_EXTENSIONS = YES;
				CLANG_ANALYZER_NONNULL = YES;
				CLANG_ANALYZER_NUMBER_OBJECT_CONVERSION = YES_AGGRESSIVE;
				CLANG_CXX_LANGUAGE_STANDARD = "gnu++20";
				CLANG_ENABLE_MODULES = YES;
				CLANG_ENABLE_OBJC_ARC = YES;
				CLANG_ENABLE_OBJC_WEAK = YES;
				CLANG_WARN_BLOCK_CAPTURE_AUTORELEASING = YES;
				CLANG_WARN_BOOL_CONVERSION = YES;
				CLANG_WARN_COMMA = YES;
				CLANG_WARN_CONSTANT_CONVERSION = YES;
				CLANG_WARN_DEPRECATED_OBJC_IMPLEMENTATIONS = YES;
				CLANG_WARN_DIRECT_OBJC_ISA_USAGE = YES_ERROR;
				CLANG_WARN_DOCUMENTATION_COMMENTS = YES;
				CLANG_WARN_EMPTY_BODY = YES;
				CLANG_WARN_ENUM_CONVERSION = YES;
				CLANG_WARN_INFINITE_RECURSION = YES;
				CLANG_WARN_INT_CONVERSION = YES;
				CLANG_WARN_NON_LITERAL_NULL_CONVERSION = YES;
				CLANG_WARN_OBJC_IMPLICIT_RETAIN_SELF = YES;
				CLANG_WARN_OBJC_LITERAL_CONVERSION = YES;
				CLANG_WARN_OBJC_ROOT_CLASS = YES_ERROR;
				CLANG_WARN_QUOTED_INCLUDE_IN_FRAMEWORK_HEADER = YES;
				CLANG_WARN_RANGE_LOOP_ANALYSIS = YES;
				CLANG_WARN_STRICT_PROTOTYPES = YES;
				CLANG_WARN_SUSPICIOUS_MOVE = YES;
				CLANG_WARN_UNGUARDED_AVAILABILITY = YES_AGGRESSIVE;
				CLANG_WARN_UNREACHABLE_CODE = YES;
				CLANG_WARN__DUPLICATE_METHOD_MATCH = YES;
				COPY_PHASE_STRIP = NO;
				DEBUG_INFORMATION_FORMAT = dwarf;
				ENABLE_STRICT_OBJC_MSGSEND = YES;
				ENABLE_TESTABILITY = YES;
				ENABLE_USER_SCRIPT_SANDBOXING = YES;
				GCC_C_LANGUAGE_STANDARD = gnu17;
				GCC_DYNAMIC_NO_PIC = NO;
				GCC_NO_COMMON_BLOCKS = YES;
				GCC_OPTIMIZATION_LEVEL = 0;
				GCC_PREPROCESSOR_DEFINITIONS = (
					"DEBUG=1",
					"$(inherited)",
				);
				GCC_WARN_64_TO_32_BIT_CONVERSION = YES;
				GCC_WARN_ABOUT_RETURN_TYPE = YES_ERROR;
				GCC_WARN_UNDECLARED_SELECTOR = YES;
				GCC_WARN_UNINITIALIZED_AUTOS = YES_AGGRESSIVE;
				GCC_WARN_UNUSED_FUNCTION = YES;
				GCC_WARN_UNUSED_VARIABLE = YES;
				IPHONEOS_DEPLOYMENT_TARGET = 18.0;
				LOCALIZATION_PREFERS_STRING_CATALOGS = YES;
				MTL_ENABLE_DEBUG_INFO = INCLUDE_SOURCE;
				MTL_FAST_MATH = YES;
				ONLY_ACTIVE_ARCH = YES;
				SDKROOT = iphoneos;
				SWIFT_ACTIVE_COMPILATION_CONDITIONS = "DEBUG $(inherited)";
				SWIFT_OPTIMIZATION_LEVEL = "-Onone";
			};
			name = Debug;
		};
		85AF16272CC33EEB00765AA6 /* Release */ = {
			isa = XCBuildConfiguration;
			buildSettings = {
				ALWAYS_SEARCH_USER_PATHS = NO;
				ASSETCATALOG_COMPILER_GENERATE_SWIFT_ASSET_SYMBOL_EXTENSIONS = YES;
				CLANG_ANALYZER_NONNULL = YES;
				CLANG_ANALYZER_NUMBER_OBJECT_CONVERSION = YES_AGGRESSIVE;
				CLANG_CXX_LANGUAGE_STANDARD = "gnu++20";
				CLANG_ENABLE_MODULES = YES;
				CLANG_ENABLE_OBJC_ARC = YES;
				CLANG_ENABLE_OBJC_WEAK = YES;
				CLANG_WARN_BLOCK_CAPTURE_AUTORELEASING = YES;
				CLANG_WARN_BOOL_CONVERSION = YES;
				CLANG_WARN_COMMA = YES;
				CLANG_WARN_CONSTANT_CONVERSION = YES;
				CLANG_WARN_DEPRECATED_OBJC_IMPLEMENTATIONS = YES;
				CLANG_WARN_DIRECT_OBJC_ISA_USAGE = YES_ERROR;
				CLANG_WARN_DOCUMENTATION_COMMENTS = YES;
				CLANG_WARN_EMPTY_BODY = YES;
				CLANG_WARN_ENUM_CONVERSION = YES;
				CLANG_WARN_INFINITE_RECURSION = YES;
				CLANG_WARN_INT_CONVERSION = YES;
				CLANG_WARN_NON_LITERAL_NULL_CONVERSION = YES;
				CLANG_WARN_OBJC_IMPLICIT_RETAIN_SELF = YES;
				CLANG_WARN_OBJC_LITERAL_CONVERSION = YES;
				CLANG_WARN_OBJC_ROOT_CLASS = YES_ERROR;
				CLANG_WARN_QUOTED_INCLUDE_IN_FRAMEWORK_HEADER = YES;
				CLANG_WARN_RANGE_LOOP_ANALYSIS = YES;
				CLANG_WARN_STRICT_PROTOTYPES = YES;
				CLANG_WARN_SUSPICIOUS_MOVE = YES;
				CLANG_WARN_UNGUARDED_AVAILABILITY = YES_AGGRESSIVE;
				CLANG_WARN_UNREACHABLE_CODE = YES;
				CLANG_WARN__DUPLICATE_METHOD_MATCH = YES;
				COPY_PHASE_STRIP = NO;
				DEBUG_INFORMATION_FORMAT = "dwarf-with-dsym";
				ENABLE_NS_ASSERTIONS = NO;
				ENABLE_STRICT_OBJC_MSGSEND = YES;
				ENABLE_USER_SCRIPT_SANDBOXING = YES;
				GCC_C_LANGUAGE_STANDARD = gnu17;
				GCC_NO_COMMON_BLOCKS = YES;
				GCC_WARN_64_TO_32_BIT_CONVERSION = YES;
				GCC_WARN_ABOUT_RETURN_TYPE = YES_ERROR;
				GCC_WARN_UNDECLARED_SELECTOR = YES;
				GCC_WARN_UNINITIALIZED_AUTOS = YES_AGGRESSIVE;
				GCC_WARN_UNUSED_FUNCTION = YES;
				GCC_WARN_UNUSED_VARIABLE = YES;
				IPHONEOS_DEPLOYMENT_TARGET = 18.0;
				LOCALIZATION_PREFERS_STRING_CATALOGS = YES;
				MTL_ENABLE_DEBUG_INFO = NO;
				MTL_FAST_MATH = YES;
				SDKROOT = iphoneos;
				SWIFT_COMPILATION_MODE = wholemodule;
				VALIDATE_PRODUCT = YES;
			};
			name = Release;
		};
		85AF16292CC33EEB00765AA6 /* Debug */ = {
			isa = XCBuildConfiguration;
			buildSettings = {
				ASSETCATALOG_COMPILER_APPICON_NAME = AppIcon;
				ASSETCATALOG_COMPILER_GLOBAL_ACCENT_COLOR_NAME = AccentColor;
				CODE_SIGN_STYLE = Automatic;
				CURRENT_PROJECT_VERSION = 1;
				DEVELOPMENT_ASSET_PATHS = "\"Test/Preview Content\"";
				DEVELOPMENT_TEAM = AWR22479M4;
				ENABLE_PREVIEWS = YES;
				GENERATE_INFOPLIST_FILE = YES;
				INFOPLIST_KEY_UIApplicationSceneManifest_Generation = YES;
				INFOPLIST_KEY_UIApplicationSupportsIndirectInputEvents = YES;
				INFOPLIST_KEY_UILaunchScreen_Generation = YES;
				INFOPLIST_KEY_UISupportedInterfaceOrientations_iPad = "UIInterfaceOrientationPortrait UIInterfaceOrientationPortraitUpsideDown UIInterfaceOrientationLandscapeLeft UIInterfaceOrientationLandscapeRight";
				INFOPLIST_KEY_UISupportedInterfaceOrientations_iPhone = "UIInterfaceOrientationPortrait UIInterfaceOrientationLandscapeLeft UIInterfaceOrientationLandscapeRight";
				LD_RUNPATH_SEARCH_PATHS = (
					"$(inherited)",
					"@executable_path/Frameworks",
				);
				MARKETING_VERSION = 1.0;
				PRODUCT_BUNDLE_IDENTIFIER = com.hyel.Test;
				PRODUCT_NAME = "$(TARGET_NAME)";
				SWIFT_EMIT_LOC_STRINGS = YES;
				SWIFT_VERSION = 5.0;
				TARGETED_DEVICE_FAMILY = "1,2";
			};
			name = Debug;
		};
		85AF162A2CC33EEB00765AA6 /* Release */ = {
			isa = XCBuildConfiguration;
			buildSettings = {
				ASSETCATALOG_COMPILER_APPICON_NAME = AppIcon;
				ASSETCATALOG_COMPILER_GLOBAL_ACCENT_COLOR_NAME = AccentColor;
				CODE_SIGN_STYLE = Automatic;
				CURRENT_PROJECT_VERSION = 1;
				DEVELOPMENT_ASSET_PATHS = "\"Test/Preview Content\"";
				DEVELOPMENT_TEAM = AWR22479M4;
				ENABLE_PREVIEWS = YES;
				GENERATE_INFOPLIST_FILE = YES;
				INFOPLIST_KEY_UIApplicationSceneManifest_Generation = YES;
				INFOPLIST_KEY_UIApplicationSupportsIndirectInputEvents = YES;
				INFOPLIST_KEY_UILaunchScreen_Generation = YES;
				INFOPLIST_KEY_UISupportedInterfaceOrientations_iPad = "UIInterfaceOrientationPortrait UIInterfaceOrientationPortraitUpsideDown UIInterfaceOrientationLandscapeLeft UIInterfaceOrientationLandscapeRight";
				INFOPLIST_KEY_UISupportedInterfaceOrientations_iPhone = "UIInterfaceOrientationPortrait UIInterfaceOrientationLandscapeLeft UIInterfaceOrientationLandscapeRight";
				LD_RUNPATH_SEARCH_PATHS = (
					"$(inherited)",
					"@executable_path/Frameworks",
				);
				MARKETING_VERSION = 1.0;
				PRODUCT_BUNDLE_IDENTIFIER = com.hyel.Test;
				PRODUCT_NAME = "$(TARGET_NAME)";
				SWIFT_EMIT_LOC_STRINGS = YES;
				SWIFT_VERSION = 5.0;
				TARGETED_DEVICE_FAMILY = "1,2";
			};
			name = Release;
		};
		85AF162C2CC33EEB00765AA6 /* Debug */ = {
			isa = XCBuildConfiguration;
			buildSettings = {
				BUNDLE_LOADER = "$(TEST_HOST)";
				CODE_SIGN_STYLE = Automatic;
				CURRENT_PROJECT_VERSION = 1;
				DEVELOPMENT_TEAM = AWR22479M4;
				GENERATE_INFOPLIST_FILE = YES;
				IPHONEOS_DEPLOYMENT_TARGET = 18.0;
				MARKETING_VERSION = 1.0;
				PRODUCT_BUNDLE_IDENTIFIER = com.hyel.TestTests;
				PRODUCT_NAME = "$(TARGET_NAME)";
				SWIFT_EMIT_LOC_STRINGS = NO;
				SWIFT_VERSION = 5.0;
				TARGETED_DEVICE_FAMILY = "1,2";
				TEST_HOST = "$(BUILT_PRODUCTS_DIR)/Test.app/$(BUNDLE_EXECUTABLE_FOLDER_PATH)/Test";
			};
			name = Debug;
		};
		85AF162D2CC33EEB00765AA6 /* Release */ = {
			isa = XCBuildConfiguration;
			buildSettings = {
				BUNDLE_LOADER = "$(TEST_HOST)";
				CODE_SIGN_STYLE = Automatic;
				CURRENT_PROJECT_VERSION = 1;
				DEVELOPMENT_TEAM = AWR22479M4;
				GENERATE_INFOPLIST_FILE = YES;
				IPHONEOS_DEPLOYMENT_TARGET = 18.0;
				MARKETING_VERSION = 1.0;
				PRODUCT_BUNDLE_IDENTIFIER = com.hyel.TestTests;
				PRODUCT_NAME = "$(TARGET_NAME)";
				SWIFT_EMIT_LOC_STRINGS = NO;
				SWIFT_VERSION = 5.0;
				TARGETED_DEVICE_FAMILY = "1,2";
				TEST_HOST = "$(BUILT_PRODUCTS_DIR)/Test.app/$(BUNDLE_EXECUTABLE_FOLDER_PATH)/Test";
			};
			name = Release;
		};
		85AF162F2CC33EEB00765AA6 /* Debug */ = {
			isa = XCBuildConfiguration;
			buildSettings = {
				CODE_SIGN_STYLE = Automatic;
				CURRENT_PROJECT_VERSION = 1;
				DEVELOPMENT_TEAM = AWR22479M4;
				GENERATE_INFOPLIST_FILE = YES;
				MARKETING_VERSION = 1.0;
				PRODUCT_BUNDLE_IDENTIFIER = com.hyel.TestUITests;
				PRODUCT_NAME = "$(TARGET_NAME)";
				SWIFT_EMIT_LOC_STRINGS = NO;
				SWIFT_VERSION = 5.0;
				TARGETED_DEVICE_FAMILY = "1,2";
				TEST_TARGET_NAME = Test;
			};
			name = Debug;
		};
		85AF16302CC33EEB00765AA6 /* Release */ = {
			isa = XCBuildConfiguration;
			buildSettings = {
				CODE_SIGN_STYLE = Automatic;
				CURRENT_PROJECT_VERSION = 1;
				DEVELOPMENT_TEAM = AWR22479M4;
				GENERATE_INFOPLIST_FILE = YES;
				MARKETING_VERSION = 1.0;
				PRODUCT_BUNDLE_IDENTIFIER = com.hyel.TestUITests;
				PRODUCT_NAME = "$(TARGET_NAME)";
				SWIFT_EMIT_LOC_STRINGS = NO;
				SWIFT_VERSION = 5.0;
				TARGETED_DEVICE_FAMILY = "1,2";
				TEST_TARGET_NAME = Test;
			};
			name = Release;
		};
/* End XCBuildConfiguration section */

/* Begin XCConfigurationList section */
		85AF15FF2CC33EEA00765AA6 /* Build configuration list for PBXProject "Test" */ = {
			isa = XCConfigurationList;
			buildConfigurations = (
				85AF16262CC33EEB00765AA6 /* Debug */,
				85AF16272CC33EEB00765AA6 /* Release */,
			);
			defaultConfigurationIsVisible = 0;
			defaultConfigurationName = Release;
		};
		85AF16282CC33EEB00765AA6 /* Build configuration list for PBXNativeTarget "Test" */ = {
			isa = XCConfigurationList;
			buildConfigurations = (
				85AF16292CC33EEB00765AA6 /* Debug */,
				85AF162A2CC33EEB00765AA6 /* Release */,
			);
			defaultConfigurationIsVisible = 0;
			defaultConfigurationName = Release;
		};
		85AF162B2CC33EEB00765AA6 /* Build configuration list for PBXNativeTarget "TestTests" */ = {
			isa = XCConfigurationList;
			buildConfigurations = (
				85AF162C2CC33EEB00765AA6 /* Debug */,
				85AF162D2CC33EEB00765AA6 /* Release */,
			);
			defaultConfigurationIsVisible = 0;
			defaultConfigurationName = Release;
		};
		85AF162E2CC33EEB00765AA6 /* Build configuration list for PBXNativeTarget "TestUITests" */ = {
			isa = XCConfigurationList;
			buildConfigurations = (
				85AF162F2CC33EEB00765AA6 /* Debug */,
				85AF16302CC33EEB00765AA6 /* Release */,
			);
			defaultConfigurationIsVisible = 0;
			defaultConfigurationName = Release;
		};
/* End XCConfigurationList section */
	};
	rootObject = 85AF15FC2CC33EEA00765AA6 /* Project object */;
}
